
Microsoft Visual Studio Solution File, Format Version 12.00
# Visual Studio Version 17
VisualStudioVersion = 17.7.34024.191
MinimumVisualStudioVersion = 10.0.40219.1
Project("{FAE04EC0-301F-11D3-BF4B-00C04F79EFBC}") = "Abstract_Factory_Pattern", "Abstract_Factory_Pattern\Abstract_Factory_Pattern.csproj", "{D9C754C9-D378-469B-9DCC-559B04285CB0}"
EndProject
Global
	GlobalSection(SolutionConfigurationPlatforms) = preSolution
		Debug|Any CPU = Debug|Any CPU
		Release|Any CPU = Release|Any CPU
	EndGlobalSection
	GlobalSection(ProjectConfigurationPlatforms) = postSolution
		{D9C754C9-D378-469B-9DCC-559B04285CB0}.Debug|Any CPU.ActiveCfg = Debug|Any CPU
		{D9C754C9-D378-469B-9DCC-559B04285CB0}.Debug|Any CPU.Build.0 = Debug|Any CPU
		{D9C754C9-D378-469B-9DCC-559B04285CB0}.Release|Any CPU.ActiveCfg = Release|Any CPU
		{D9C754C9-D378-469B-9DCC-559B04285CB0}.Release|Any CPU.Build.0 = Release|Any CPU
	EndGlobalSection
	GlobalSection(SolutionProperties) = preSolution
		HideSolutionNode = FALSE
	EndGlobalSection
	GlobalSection(ExtensibilityGlobals) = postSolution
		SolutionGuid = {2A0C05BA-B96C-486B-BF36-68950D408129}
	EndGlobalSection
EndGlobal
