
Microsoft Visual Studio Solution File, Format Version 12.00
# Visual Studio Version 17
VisualStudioVersion = 17.7.34024.191
MinimumVisualStudioVersion = 10.0.40219.1
Project("{FAE04EC0-301F-11D3-BF4B-00C04F79EFBC}") = "Single-Responsibility-Principle", "Single-Responsibility-Principle\Single-Responsibility-Principle.csproj", "{8CF21618-7FDD-471B-B792-DD492ECE1E5D}"
EndProject
Project("{FAE04EC0-301F-11D3-BF4B-00C04F79EFBC}") = "Open-Closed-Principle", "Open-Closed-Principle\Open-Closed-Principle.csproj", "{BCA0B643-DE70-4C40-B7C2-7295B7FDD153}"
EndProject
Project("{FAE04EC0-301F-11D3-BF4B-00C04F79EFBC}") = "Liskov-Substitution-Principle", "Liskov-Substitution-Principle\Liskov-Substitution-Principle.csproj", "{9AC09E56-EC71-4A89-BC69-7605558A0440}"
EndProject
Global
	GlobalSection(SolutionConfigurationPlatforms) = preSolution
		Debug|Any CPU = Debug|Any CPU
		Release|Any CPU = Release|Any CPU
	EndGlobalSection
	GlobalSection(ProjectConfigurationPlatforms) = postSolution
		{8CF21618-7FDD-471B-B792-DD492ECE1E5D}.Debug|Any CPU.ActiveCfg = Debug|Any CPU
		{8CF21618-7FDD-471B-B792-DD492ECE1E5D}.Debug|Any CPU.Build.0 = Debug|Any CPU
		{8CF21618-7FDD-471B-B792-DD492ECE1E5D}.Release|Any CPU.ActiveCfg = Release|Any CPU
		{8CF21618-7FDD-471B-B792-DD492ECE1E5D}.Release|Any CPU.Build.0 = Release|Any CPU
		{BCA0B643-DE70-4C40-B7C2-7295B7FDD153}.Debug|Any CPU.ActiveCfg = Debug|Any CPU
		{BCA0B643-DE70-4C40-B7C2-7295B7FDD153}.Debug|Any CPU.Build.0 = Debug|Any CPU
		{BCA0B643-DE70-4C40-B7C2-7295B7FDD153}.Release|Any CPU.ActiveCfg = Release|Any CPU
		{BCA0B643-DE70-4C40-B7C2-7295B7FDD153}.Release|Any CPU.Build.0 = Release|Any CPU
		{9AC09E56-EC71-4A89-BC69-7605558A0440}.Debug|Any CPU.ActiveCfg = Debug|Any CPU
		{9AC09E56-EC71-4A89-BC69-7605558A0440}.Debug|Any CPU.Build.0 = Debug|Any CPU
		{9AC09E56-EC71-4A89-BC69-7605558A0440}.Release|Any CPU.ActiveCfg = Release|Any CPU
		{9AC09E56-EC71-4A89-BC69-7605558A0440}.Release|Any CPU.Build.0 = Release|Any CPU
	EndGlobalSection
	GlobalSection(SolutionProperties) = preSolution
		HideSolutionNode = FALSE
	EndGlobalSection
	GlobalSection(ExtensibilityGlobals) = postSolution
		SolutionGuid = {BB4590A3-170F-4AD7-AE11-12654F34C6B0}
	EndGlobalSection
EndGlobal
