
Microsoft Visual Studio Solution File, Format Version 12.00
# Visual Studio Version 17
VisualStudioVersion = 17.7.34024.191
MinimumVisualStudioVersion = 10.0.40219.1
Project("{FAE04EC0-301F-11D3-BF4B-00C04F79EFBC}") = "Protootype Pattern", "Protootype Pattern\Protootype Pattern.csproj", "{378E509A-0F1A-48FC-B9E3-F27168FF4498}"
EndProject
Global
	GlobalSection(SolutionConfigurationPlatforms) = preSolution
		Debug|Any CPU = Debug|Any CPU
		Release|Any CPU = Release|Any CPU
	EndGlobalSection
	GlobalSection(ProjectConfigurationPlatforms) = postSolution
		{378E509A-0F1A-48FC-B9E3-F27168FF4498}.Debug|Any CPU.ActiveCfg = Debug|Any CPU
		{378E509A-0F1A-48FC-B9E3-F27168FF4498}.Debug|Any CPU.Build.0 = Debug|Any CPU
		{378E509A-0F1A-48FC-B9E3-F27168FF4498}.Release|Any CPU.ActiveCfg = Release|Any CPU
		{378E509A-0F1A-48FC-B9E3-F27168FF4498}.Release|Any CPU.Build.0 = Release|Any CPU
	EndGlobalSection
	GlobalSection(SolutionProperties) = preSolution
		HideSolutionNode = FALSE
	EndGlobalSection
	GlobalSection(ExtensibilityGlobals) = postSolution
		SolutionGuid = {79EAC315-6062-4C5C-B1FE-486258704681}
	EndGlobalSection
EndGlobal
